
Microsoft Visual Studio Solution File, Format Version 12.00
# Visual Studio 15
VisualStudioVersion = 15.0.27130.2010
MinimumVisualStudioVersion = 10.0.40219.1
Project("{FAE04EC0-301F-11D3-BF4B-00C04F79EFBC}") = "VanzTube", "VanzTube\VanzTube.csproj", "{ED53B0BC-5AF8-4660-862B-C6FCDC510051}"
EndProject
Global
	GlobalSection(SolutionConfigurationPlatforms) = preSolution
		Debug|Any CPU = Debug|Any CPU
		Release|Any CPU = Release|Any CPU
	EndGlobalSection
	GlobalSection(ProjectConfigurationPlatforms) = postSolution
		{ED53B0BC-5AF8-4660-862B-C6FCDC510051}.Debug|Any CPU.ActiveCfg = Debug|Any CPU
		{ED53B0BC-5AF8-4660-862B-C6FCDC510051}.Debug|Any CPU.Build.0 = Debug|Any CPU
		{ED53B0BC-5AF8-4660-862B-C6FCDC510051}.Release|Any CPU.ActiveCfg = Release|Any CPU
		{ED53B0BC-5AF8-4660-862B-C6FCDC510051}.Release|Any CPU.Build.0 = Release|Any CPU
	EndGlobalSection
	GlobalSection(SolutionProperties) = preSolution
		HideSolutionNode = FALSE
	EndGlobalSection
	GlobalSection(ExtensibilityGlobals) = postSolution
		SolutionGuid = {1D6DF602-45B4-41E4-B7C7-82B810125940}
	EndGlobalSection
EndGlobal
